
Microsoft Visual Studio Solution File, Format Version 12.00
# Visual Studio Version 17
VisualStudioVersion = 17.11.35327.3
MinimumVisualStudioVersion = 10.0.40219.1
Project("{9A19103F-16F7-4668-BE54-9A1E7A4F7556}") = "Stage0", "Stage0\Stage0.csproj", "{0DDCF74A-BD72-49DE-8A42-27DC0F4852CE}"
EndProject
Project("{9A19103F-16F7-4668-BE54-9A1E7A4F7556}") = "DalFacade", "DalFacade\DalFacade.csproj", "{633A646F-9376-4FAE-8110-FC3127C9B9CA}"
EndProject
Project("{9A19103F-16F7-4668-BE54-9A1E7A4F7556}") = "DalList", "DalList\DalList.csproj", "{80BDF625-7754-43F1-A2A5-8E1C09157251}"
EndProject
Project("{9A19103F-16F7-4668-BE54-9A1E7A4F7556}") = "DalTest", "DalTest\DalTest.csproj", "{51EFBEEA-647E-4BBB-B21D-49DFA9C42134}"
EndProject
Project("{9A19103F-16F7-4668-BE54-9A1E7A4F7556}") = "DalXml", "DalXml\DalXml.csproj", "{B1279BE5-743E-4D6A-805A-FC7144AD2668}"
EndProject
Project("{2150E333-8FDC-42A3-9474-1A3956D46DE8}") = "xml", "xml", "{0DA48E31-C8E9-4AA5-8416-69ED989C6BD7}"
	ProjectSection(SolutionItems) = preProject
		xml\assignments.xml = xml\assignments.xml
		xml\calls.xml = xml\calls.xml
		xml\dal-config.xml = xml\dal-config.xml
		xml\data-config.xml = xml\data-config.xml
		xml\volunteers.xml = xml\volunteers.xml
	EndProjectSection
EndProject
Project("{FAE04EC0-301F-11D3-BF4B-00C04F79EFBC}") = "BL", "BL\BL.csproj", "{C5334BEB-7B9F-4921-B19F-84B02E07BF26}"
EndProject
Project("{FAE04EC0-301F-11D3-BF4B-00C04F79EFBC}") = "BlTest", "BlTest\BlTest.csproj", "{F0475330-6075-485B-9FB3-37842BFF2FC8}"
EndProject
Global
	GlobalSection(SolutionConfigurationPlatforms) = preSolution
		Debug|Any CPU = Debug|Any CPU
		Release|Any CPU = Release|Any CPU
	EndGlobalSection
	GlobalSection(ProjectConfigurationPlatforms) = postSolution
		{0DDCF74A-BD72-49DE-8A42-27DC0F4852CE}.Debug|Any CPU.ActiveCfg = Debug|Any CPU
		{0DDCF74A-BD72-49DE-8A42-27DC0F4852CE}.Debug|Any CPU.Build.0 = Debug|Any CPU
		{0DDCF74A-BD72-49DE-8A42-27DC0F4852CE}.Release|Any CPU.ActiveCfg = Release|Any CPU
		{0DDCF74A-BD72-49DE-8A42-27DC0F4852CE}.Release|Any CPU.Build.0 = Release|Any CPU
		{633A646F-9376-4FAE-8110-FC3127C9B9CA}.Debug|Any CPU.ActiveCfg = Debug|Any CPU
		{633A646F-9376-4FAE-8110-FC3127C9B9CA}.Debug|Any CPU.Build.0 = Debug|Any CPU
		{633A646F-9376-4FAE-8110-FC3127C9B9CA}.Release|Any CPU.ActiveCfg = Release|Any CPU
		{633A646F-9376-4FAE-8110-FC3127C9B9CA}.Release|Any CPU.Build.0 = Release|Any CPU
		{80BDF625-7754-43F1-A2A5-8E1C09157251}.Debug|Any CPU.ActiveCfg = Debug|Any CPU
		{80BDF625-7754-43F1-A2A5-8E1C09157251}.Debug|Any CPU.Build.0 = Debug|Any CPU
		{80BDF625-7754-43F1-A2A5-8E1C09157251}.Release|Any CPU.ActiveCfg = Release|Any CPU
		{80BDF625-7754-43F1-A2A5-8E1C09157251}.Release|Any CPU.Build.0 = Release|Any CPU
		{51EFBEEA-647E-4BBB-B21D-49DFA9C42134}.Debug|Any CPU.ActiveCfg = Debug|Any CPU
		{51EFBEEA-647E-4BBB-B21D-49DFA9C42134}.Debug|Any CPU.Build.0 = Debug|Any CPU
		{51EFBEEA-647E-4BBB-B21D-49DFA9C42134}.Release|Any CPU.ActiveCfg = Release|Any CPU
		{51EFBEEA-647E-4BBB-B21D-49DFA9C42134}.Release|Any CPU.Build.0 = Release|Any CPU
		{B1279BE5-743E-4D6A-805A-FC7144AD2668}.Debug|Any CPU.ActiveCfg = Debug|Any CPU
		{B1279BE5-743E-4D6A-805A-FC7144AD2668}.Debug|Any CPU.Build.0 = Debug|Any CPU
		{B1279BE5-743E-4D6A-805A-FC7144AD2668}.Release|Any CPU.ActiveCfg = Release|Any CPU
		{B1279BE5-743E-4D6A-805A-FC7144AD2668}.Release|Any CPU.Build.0 = Release|Any CPU
		{C5334BEB-7B9F-4921-B19F-84B02E07BF26}.Debug|Any CPU.ActiveCfg = Debug|Any CPU
		{C5334BEB-7B9F-4921-B19F-84B02E07BF26}.Debug|Any CPU.Build.0 = Debug|Any CPU
		{C5334BEB-7B9F-4921-B19F-84B02E07BF26}.Release|Any CPU.ActiveCfg = Release|Any CPU
		{C5334BEB-7B9F-4921-B19F-84B02E07BF26}.Release|Any CPU.Build.0 = Release|Any CPU
		{F0475330-6075-485B-9FB3-37842BFF2FC8}.Debug|Any CPU.ActiveCfg = Debug|Any CPU
		{F0475330-6075-485B-9FB3-37842BFF2FC8}.Debug|Any CPU.Build.0 = Debug|Any CPU
		{F0475330-6075-485B-9FB3-37842BFF2FC8}.Release|Any CPU.ActiveCfg = Release|Any CPU
		{F0475330-6075-485B-9FB3-37842BFF2FC8}.Release|Any CPU.Build.0 = Release|Any CPU
	EndGlobalSection
	GlobalSection(SolutionProperties) = preSolution
		HideSolutionNode = FALSE
	EndGlobalSection
	GlobalSection(ExtensibilityGlobals) = postSolution
		SolutionGuid = {AE2D706E-E022-42FA-9A93-13E1F01DFDA2}
	EndGlobalSection
EndGlobal
